
Microsoft Visual Studio Solution File, Format Version 12.00
# Visual Studio 15
VisualStudioVersion = 15.0.28307.489
MinimumVisualStudioVersion = 10.0.40219.1
Project("{FAE04EC0-301F-11D3-BF4B-00C04F79EFBC}") = "VoiceAssistant", "VoiceAssistant\VoiceAssistant.csproj", "{578F9550-74B6-44E0-8D9E-0F3EA5160938}"
EndProject
Global
	GlobalSection(SolutionConfigurationPlatforms) = preSolution
		Debug|Any CPU = Debug|Any CPU
		Release|Any CPU = Release|Any CPU
	EndGlobalSection
	GlobalSection(ProjectConfigurationPlatforms) = postSolution
		{578F9550-74B6-44E0-8D9E-0F3EA5160938}.Debug|Any CPU.ActiveCfg = Debug|Any CPU
		{578F9550-74B6-44E0-8D9E-0F3EA5160938}.Debug|Any CPU.Build.0 = Debug|Any CPU
		{578F9550-74B6-44E0-8D9E-0F3EA5160938}.Release|Any CPU.ActiveCfg = Release|Any CPU
		{578F9550-74B6-44E0-8D9E-0F3EA5160938}.Release|Any CPU.Build.0 = Release|Any CPU
	EndGlobalSection
	GlobalSection(SolutionProperties) = preSolution
		HideSolutionNode = FALSE
	EndGlobalSection
	GlobalSection(ExtensibilityGlobals) = postSolution
		SolutionGuid = {34BC72DD-01A3-4E69-9F62-56798EB1DC96}
	EndGlobalSection
EndGlobal
